
Microsoft Visual Studio Solution File, Format Version 12.00
# Visual Studio Version 17
VisualStudioVersion = 17.4.33213.308
MinimumVisualStudioVersion = 10.0.40219.1
Project("{FAE04EC0-301F-11D3-BF4B-00C04F79EFBC}") = "RastoBot_ControlPanel", "RastoBot_ControlPanel\RastoBot_ControlPanel.csproj", "{C4F3977B-BA0B-459C-806B-9657CD214839}"
EndProject
Global
	GlobalSection(SolutionConfigurationPlatforms) = preSolution
		Debug|Any CPU = Debug|Any CPU
		Release|Any CPU = Release|Any CPU
	EndGlobalSection
	GlobalSection(ProjectConfigurationPlatforms) = postSolution
		{C4F3977B-BA0B-459C-806B-9657CD214839}.Debug|Any CPU.ActiveCfg = Debug|Any CPU
		{C4F3977B-BA0B-459C-806B-9657CD214839}.Debug|Any CPU.Build.0 = Debug|Any CPU
		{C4F3977B-BA0B-459C-806B-9657CD214839}.Release|Any CPU.ActiveCfg = Release|Any CPU
		{C4F3977B-BA0B-459C-806B-9657CD214839}.Release|Any CPU.Build.0 = Release|Any CPU
	EndGlobalSection
	GlobalSection(SolutionProperties) = preSolution
		HideSolutionNode = FALSE
	EndGlobalSection
	GlobalSection(ExtensibilityGlobals) = postSolution
		SolutionGuid = {9B115955-AD33-473B-978C-F1A4BD338671}
	EndGlobalSection
EndGlobal
